
Microsoft Visual Studio Solution File, Format Version 12.00
# Visual Studio Version 16
VisualStudioVersion = 16.0.29806.167
MinimumVisualStudioVersion = 10.0.40219.1
Project("{FAE04EC0-301F-11D3-BF4B-00C04F79EFBC}") = "P4_LAB2", "P4_LAB2\P4_LAB2.csproj", "{390E0B99-FCCB-4810-87F1-336DB2D5A0DB}"
EndProject
Global
	GlobalSection(SolutionConfigurationPlatforms) = preSolution
		Debug|Any CPU = Debug|Any CPU
		Release|Any CPU = Release|Any CPU
	EndGlobalSection
	GlobalSection(ProjectConfigurationPlatforms) = postSolution
		{390E0B99-FCCB-4810-87F1-336DB2D5A0DB}.Debug|Any CPU.ActiveCfg = Debug|Any CPU
		{390E0B99-FCCB-4810-87F1-336DB2D5A0DB}.Debug|Any CPU.Build.0 = Debug|Any CPU
		{390E0B99-FCCB-4810-87F1-336DB2D5A0DB}.Release|Any CPU.ActiveCfg = Release|Any CPU
		{390E0B99-FCCB-4810-87F1-336DB2D5A0DB}.Release|Any CPU.Build.0 = Release|Any CPU
	EndGlobalSection
	GlobalSection(SolutionProperties) = preSolution
		HideSolutionNode = FALSE
	EndGlobalSection
	GlobalSection(ExtensibilityGlobals) = postSolution
		SolutionGuid = {8FFF7645-98A9-43FB-B62A-C6CA3CAA4850}
	EndGlobalSection
EndGlobal
